
Microsoft Visual Studio Solution File, Format Version 12.00
# Visual Studio Version 17
VisualStudioVersion = 17.0.31903.59
MinimumVisualStudioVersion = 10.0.40219.1
Project("{FAE04EC0-301F-11D3-BF4B-00C04F79EFBC}") = "HouseBrokerApplication.API", "HouseBrokerApplication.API\HouseBrokerApplication.API.csproj", "{75A44B1C-05CD-4C2A-908C-6DD78ABD1FB5}"
EndProject
Project("{FAE04EC0-301F-11D3-BF4B-00C04F79EFBC}") = "HouseBrokerApplication.Domain", "HouseBrokerApplication.Domain\HouseBrokerApplication.Domain.csproj", "{44A11F23-6C0F-47AC-8292-CE999B4B73BD}"
EndProject
Project("{FAE04EC0-301F-11D3-BF4B-00C04F79EFBC}") = "HouseBrokerApplication.Application", "HouseBrokerApplication.Application\HouseBrokerApplication.Application.csproj", "{CEFBF4FC-4417-4A07-8CCD-EBECFE9063D0}"
EndProject
Project("{FAE04EC0-301F-11D3-BF4B-00C04F79EFBC}") = "HouseBrokerApplication.Infrastructure", "HouseBrokerApplication.Infrastructure\HouseBrokerApplication.Infrastructure.csproj", "{9C4E70DA-0E14-44DF-8E7E-4448A238A853}"
EndProject
Project("{FAE04EC0-301F-11D3-BF4B-00C04F79EFBC}") = "HouseBrokerApplication.Test", "HouseBrokerApplication.Test\HouseBrokerApplication.Test.csproj", "{64EB60CD-02F2-4E0F-92E9-E3410DCD939E}"
EndProject
Global
	GlobalSection(SolutionConfigurationPlatforms) = preSolution
		Debug|Any CPU = Debug|Any CPU
		Release|Any CPU = Release|Any CPU
	EndGlobalSection
	GlobalSection(ProjectConfigurationPlatforms) = postSolution
		{75A44B1C-05CD-4C2A-908C-6DD78ABD1FB5}.Debug|Any CPU.ActiveCfg = Debug|Any CPU
		{75A44B1C-05CD-4C2A-908C-6DD78ABD1FB5}.Debug|Any CPU.Build.0 = Debug|Any CPU
		{75A44B1C-05CD-4C2A-908C-6DD78ABD1FB5}.Release|Any CPU.ActiveCfg = Release|Any CPU
		{75A44B1C-05CD-4C2A-908C-6DD78ABD1FB5}.Release|Any CPU.Build.0 = Release|Any CPU
		{44A11F23-6C0F-47AC-8292-CE999B4B73BD}.Debug|Any CPU.ActiveCfg = Debug|Any CPU
		{44A11F23-6C0F-47AC-8292-CE999B4B73BD}.Debug|Any CPU.Build.0 = Debug|Any CPU
		{44A11F23-6C0F-47AC-8292-CE999B4B73BD}.Release|Any CPU.ActiveCfg = Release|Any CPU
		{44A11F23-6C0F-47AC-8292-CE999B4B73BD}.Release|Any CPU.Build.0 = Release|Any CPU
		{CEFBF4FC-4417-4A07-8CCD-EBECFE9063D0}.Debug|Any CPU.ActiveCfg = Debug|Any CPU
		{CEFBF4FC-4417-4A07-8CCD-EBECFE9063D0}.Debug|Any CPU.Build.0 = Debug|Any CPU
		{CEFBF4FC-4417-4A07-8CCD-EBECFE9063D0}.Release|Any CPU.ActiveCfg = Release|Any CPU
		{CEFBF4FC-4417-4A07-8CCD-EBECFE9063D0}.Release|Any CPU.Build.0 = Release|Any CPU
		{9C4E70DA-0E14-44DF-8E7E-4448A238A853}.Debug|Any CPU.ActiveCfg = Debug|Any CPU
		{9C4E70DA-0E14-44DF-8E7E-4448A238A853}.Debug|Any CPU.Build.0 = Debug|Any CPU
		{9C4E70DA-0E14-44DF-8E7E-4448A238A853}.Release|Any CPU.ActiveCfg = Release|Any CPU
		{9C4E70DA-0E14-44DF-8E7E-4448A238A853}.Release|Any CPU.Build.0 = Release|Any CPU
		{64EB60CD-02F2-4E0F-92E9-E3410DCD939E}.Debug|Any CPU.ActiveCfg = Debug|Any CPU
		{64EB60CD-02F2-4E0F-92E9-E3410DCD939E}.Debug|Any CPU.Build.0 = Debug|Any CPU
		{64EB60CD-02F2-4E0F-92E9-E3410DCD939E}.Release|Any CPU.ActiveCfg = Release|Any CPU
		{64EB60CD-02F2-4E0F-92E9-E3410DCD939E}.Release|Any CPU.Build.0 = Release|Any CPU
	EndGlobalSection
	GlobalSection(SolutionProperties) = preSolution
		HideSolutionNode = FALSE
	EndGlobalSection
	GlobalSection(ExtensibilityGlobals) = postSolution
		SolutionGuid = {7A74E658-4039-4FBA-B686-B3DD8CB0B005}
	EndGlobalSection
EndGlobal
